{
  "name": "minimap-titles",
  "version": "https://www.atom.io/api/packages/minimap-titles/versions/1.15.0/tarball",
  "lockfileVersion": 2,
  "integrity": "sha512-DWCOVc5rqCrcfUij+FU7rls2NGvGjksXt5nGIU6auNXHWNmXNNL1PCr0HM1g1fwsIlEaTX9xYzNNRmZNRcvXVw==",
  "requires": true,
  "packages": {
    "": {
      "version": "1.15.0",
      "resolved": "https://www.atom.io/api/packages/minimap-titles/versions/1.15.0/tarball",
      "integrity": "sha512-DWCOVc5rqCrcfUij+FU7rls2NGvGjksXt5nGIU6auNXHWNmXNNL1PCr0HM1g1fwsIlEaTX9xYzNNRmZNRcvXVw==",
      "license": "MIT",
      "dependencies": {
        "figlet": "1.1.1"
      },
      "engines": {
        "atom": ">=1.0.0 <2.0.0"
      }
    },
    "node_modules/figlet": {
      "version": "1.1.1",
      "resolved": "https://registry.npmjs.org/figlet/-/figlet-1.1.1.tgz",
      "integrity": "sha1-UBptYObu4igmUi7BG2EfwSgtDw0=",
      "engines": {
        "node": ">= 0.4.0"
      }
    }
  },
  "dependencies": {
    "figlet": {
      "version": "1.1.1",
      "resolved": "https://registry.npmjs.org/figlet/-/figlet-1.1.1.tgz",
      "integrity": "sha1-UBptYObu4igmUi7BG2EfwSgtDw0="
    }
  }
}
